<?xml version="1.0" encoding="utf-8"?>
<Project ToolsVersion="4.0" xmlns="http://schemas.microsoft.com/developer/msbuild/2003">
  <ItemGroup>
    <Filter Include="Source Files">
      <UniqueIdentifier>{4FC737F1-C7A5-4376-A066-2A32D752A2FF}</UniqueIdentifier>
      <Extensions>cpp;c;cc;cxx;def;odl;idl;hpj;bat;asm;asmx</Extensions>
    </Filter>
    <Filter Include="Header Files">
      <UniqueIdentifier>{93995380-89BD-4b04-88EB-625FBE52EBFB}</UniqueIdentifier>
      <Extensions>h;hpp;hxx;hm;inl;inc;xsd</Extensions>
    </Filter>
    <Filter Include="Resource Files">
      <UniqueIdentifier>{67DA6AB6-F800-4c08-8B7A-83BB121AAD01}</UniqueIdentifier>
      <Extensions>rc;ico;cur;bmp;dlg;rc2;rct;bin;rgs;gif;jpg;jpeg;jpe;resx;tiff;tif;png;wav;mfcribbon-ms</Extensions>
    </Filter>
  </ItemGroup>
  <ItemGroup>
    <ClCompile Include="DiagProfiler.cpp">
      <Filter>Source Files</Filter>
    </ClCompile>
    <ClCompile Include="IDiagProfiler_i.c">
      <Filter>Header Files</Filter>
    </ClCompile>
    <ClCompile Include="DiagProfilerFactory.cpp">
      <Filter>Source Files</Filter>
    </ClCompile>
    <ClCompile Include="Exports.cpp">
      <Filter>Source Files</Filter>
    </ClCompile>
    <ClCompile Include="DiagProfilerServer.cpp">
      <Filter>Source Files</Filter>
    </ClCompile>
    <ClCompile Include="DiagInit.cpp">
      <Filter>Source Files</Filter>
    </ClCompile>
    <ClCompile Include="CallstackSampler.cpp">
      <Filter>Source Files</Filter>
    </ClCompile>
    <ClCompile Include="FileLogger.cpp">
      <Filter>Source Files</Filter>
    </ClCompile>
    <ClCompile Include="NativeStackwalker.cpp">
      <Filter>Source Files</Filter>
    </ClCompile>
    <ClCompile Include="PipeServerAsync.cpp">
      <Filter>Source Files</Filter>
    </ClCompile>
    <ClCompile Include="ProfilerCommand.cpp">
      <Filter>Source Files</Filter>
    </ClCompile>
    <ClCompile Include="ProfilerCommandServer.cpp">
      <Filter>Source Files</Filter>
    </ClCompile>
    <ClCompile Include="DiagGlobals.cpp">
      <Filter>Source Files</Filter>
    </ClCompile>
  </ItemGroup>
  <ItemGroup>
    <ClInclude Include="DiagProfiler.h">
      <Filter>Header Files</Filter>
    </ClInclude>
    <ClInclude Include="IDiagProfiler_h.h">
      <Filter>Header Files</Filter>
    </ClInclude>
    <ClInclude Include="DiagProfilerFactory.h">
      <Filter>Header Files</Filter>
    </ClInclude>
    <ClInclude Include="resource.h">
      <Filter>Header Files</Filter>
    </ClInclude>
    <ClInclude Include="IDiagProfilerClient.h">
      <Filter>Header Files</Filter>
    </ClInclude>
    <ClInclude Include="DiagProfilerServer.h">
      <Filter>Header Files</Filter>
    </ClInclude>
    <ClInclude Include="DiagInit.h">
      <Filter>Header Files</Filter>
    </ClInclude>
    <ClInclude Include="DiagGlobals.h">
      <Filter>Header Files</Filter>
    </ClInclude>
    <ClInclude Include="CallstackSampler.h">
      <Filter>Header Files</Filter>
    </ClInclude>
    <ClInclude Include="FileLogger.h">
      <Filter>Header Files</Filter>
    </ClInclude>
    <ClInclude Include="LockedStream.h">
      <Filter>Header Files</Filter>
    </ClInclude>
    <ClInclude Include="NativeStackwalker.h">
      <Filter>Header Files</Filter>
    </ClInclude>
    <ClInclude Include="PipeServerAsync.h">
      <Filter>Header Files</Filter>
    </ClInclude>
    <ClInclude Include="ProfilerCommand.h">
      <Filter>Header Files</Filter>
    </ClInclude>
    <ClInclude Include="ProfilerCommandServer.h">
      <Filter>Header Files</Filter>
    </ClInclude>
    <ClInclude Include="PerformanceCounter.h">
      <Filter>Header Files</Filter>
    </ClInclude>
  </ItemGroup>
  <ItemGroup>
    <Midl Include="IDiagProfiler.idl">
      <Filter>Source Files</Filter>
    </Midl>
  </ItemGroup>
  <ItemGroup>
    <None Include="Exports.def">
      <Filter>Source Files</Filter>
    </None>
  </ItemGroup>
  <ItemGroup>
    <ResourceCompile Include="DiagProfiler.rc">
      <Filter>Resource Files</Filter>
    </ResourceCompile>
  </ItemGroup>
</Project>